
Microsoft Visual Studio Solution File, Format Version 12.00
# Visual Studio Version 16
VisualStudioVersion = 16.0.31019.35
MinimumVisualStudioVersion = 10.0.40219.1
Project("{FAE04EC0-301F-11D3-BF4B-00C04F79EFBC}") = "PCHut_API", "PCHut_API.csproj", "{AD1F6DBF-A343-4223-9098-036ED218C659}"
EndProject
Global
	GlobalSection(SolutionConfigurationPlatforms) = preSolution
		Debug|Any CPU = Debug|Any CPU
		Release|Any CPU = Release|Any CPU
	EndGlobalSection
	GlobalSection(ProjectConfigurationPlatforms) = postSolution
		{AD1F6DBF-A343-4223-9098-036ED218C659}.Debug|Any CPU.ActiveCfg = Debug|Any CPU
		{AD1F6DBF-A343-4223-9098-036ED218C659}.Debug|Any CPU.Build.0 = Debug|Any CPU
		{AD1F6DBF-A343-4223-9098-036ED218C659}.Release|Any CPU.ActiveCfg = Release|Any CPU
		{AD1F6DBF-A343-4223-9098-036ED218C659}.Release|Any CPU.Build.0 = Release|Any CPU
	EndGlobalSection
	GlobalSection(SolutionProperties) = preSolution
		HideSolutionNode = FALSE
	EndGlobalSection
	GlobalSection(ExtensibilityGlobals) = postSolution
		SolutionGuid = {245B0E50-DAD3-43A5-BE6B-E137B5C0C835}
	EndGlobalSection
EndGlobal
